
Microsoft Visual Studio Solution File, Format Version 12.00
# Visual Studio Version 17
VisualStudioVersion = 17.9.34902.65
MinimumVisualStudioVersion = 10.0.40219.1
Project("{9A19103F-16F7-4668-BE54-9A1E7A4F7556}") = "FileReader", "FileReader\FileReader.csproj", "{BBDE6584-2212-447D-A782-5F570ABB43B4}"
EndProject
Project("{FAE04EC0-301F-11D3-BF4B-00C04F79EFBC}") = "FileReader-extra", "FileReader-extra\FileReader-extra.csproj", "{EAC29E99-7B70-43A1-96C3-A73A7DCBBC42}"
EndProject
Global
	GlobalSection(SolutionConfigurationPlatforms) = preSolution
		Debug|Any CPU = Debug|Any CPU
		Release|Any CPU = Release|Any CPU
	EndGlobalSection
	GlobalSection(ProjectConfigurationPlatforms) = postSolution
		{BBDE6584-2212-447D-A782-5F570ABB43B4}.Debug|Any CPU.ActiveCfg = Debug|Any CPU
		{BBDE6584-2212-447D-A782-5F570ABB43B4}.Debug|Any CPU.Build.0 = Debug|Any CPU
		{BBDE6584-2212-447D-A782-5F570ABB43B4}.Release|Any CPU.ActiveCfg = Release|Any CPU
		{BBDE6584-2212-447D-A782-5F570ABB43B4}.Release|Any CPU.Build.0 = Release|Any CPU
		{EAC29E99-7B70-43A1-96C3-A73A7DCBBC42}.Debug|Any CPU.ActiveCfg = Debug|Any CPU
		{EAC29E99-7B70-43A1-96C3-A73A7DCBBC42}.Debug|Any CPU.Build.0 = Debug|Any CPU
		{EAC29E99-7B70-43A1-96C3-A73A7DCBBC42}.Release|Any CPU.ActiveCfg = Release|Any CPU
		{EAC29E99-7B70-43A1-96C3-A73A7DCBBC42}.Release|Any CPU.Build.0 = Release|Any CPU
	EndGlobalSection
	GlobalSection(SolutionProperties) = preSolution
		HideSolutionNode = FALSE
	EndGlobalSection
	GlobalSection(ExtensibilityGlobals) = postSolution
		SolutionGuid = {4411009B-6F2A-45F8-BF88-702614FE7BDD}
	EndGlobalSection
EndGlobal
